github.com/google/go-cmp v0.7.0 h1:wk8382ETsv4JYUZwIsn6YpYiWiBsYLSJiTsyBybVuN8=
github.com/google/go-cmp v0.7.0/go.mod h1:pXiqmnSA92OHEEa9HXL2W4E7lf9JzCmGVUdgjX3N/iU=
github.com/shogo82148/forwarded-header v0.1.0 h1:OZX131i0B8GGZR+s5QEZdSEYDTUPkUX8ISIIQE+swKM=
github.com/shogo82148/forwarded-header v0.1.0/go.mod h1:Ge73zEgn9jrdyf65vWTgDmRZQFQPHoFU0TaILJcvs54=
github.com/shogo82148/go-retry/v2 v2.0.1 h1:GV20np5IPU+pjFuNzFwmkFK90Lw3g4HhKgMVHewclb8=
github.com/shogo82148/go-retry/v2 v2.0.1/go.mod h1:Rv6PnVPeGd1695eqstyZ+VFOQN8vsh5t87/Ur+aa9JI=
